// !$*UTF8*$!
{
	archiveVersion = 1;
	classes = {
	};
	objectVersion = 48;
	objects = {

/* Begin PBXBuildFile section */
		154BD7252017B4FD0047FAA5 /* AppDelegate.swift in Sources */ = {isa = PBXBuildFile; fileRef = 154BD7242017B4FD0047FAA5 /* AppDelegate.swift */; };
		154BD7272017B4FD0047FAA5 /* PeopleViewController.swift in Sources */ = {isa = PBXBuildFile; fileRef = 154BD7262017B4FD0047FAA5 /* PeopleViewController.swift */; };
		154BD72A2017B4FD0047FAA5 /* Main.storyboard in Resources */ = {isa = PBXBuildFile; fileRef = 154BD7282017B4FD0047FAA5 /* Main.storyboard */; };
		154BD72D2017B4FD0047FAA5 /* StarWarsEncyclopedia.xcdatamodeld in Sources */ = {isa = PBXBuildFile; fileRef = 154BD72B2017B4FD0047FAA5 /* StarWarsEncyclopedia.xcdatamodeld */; };
		154BD72F2017B4FD0047FAA5 /* Assets.xcassets in Resources */ = {isa = PBXBuildFile; fileRef = 154BD72E2017B4FD0047FAA5 /* Assets.xcassets */; };
		154BD7322017B4FD0047FAA5 /* LaunchScreen.storyboard in Resources */ = {isa = PBXBuildFile; fileRef = 154BD7302017B4FD0047FAA5 /* LaunchScreen.storyboard */; };
		154BD73A2017D2F30047FAA5 /* FilmViewController.swift in Sources */ = {isa = PBXBuildFile; fileRef = 154BD7392017D2F30047FAA5 /* FilmViewController.swift */; };
		154BD73C2017E34B0047FAA5 /* StarWarsModel.swift in Sources */ = {isa = PBXBuildFile; fileRef = 154BD73B2017E34B0047FAA5 /* StarWarsModel.swift */; };
		154BD73E2017FB470047FAA5 /* FilmDetailViewController.swift in Sources */ = {isa = PBXBuildFile; fileRef = 154BD73D2017FB470047FAA5 /* FilmDetailViewController.swift */; };
		154BD74020182A8D0047FAA5 /* FilmDetailViewControllerDelegate.swift in Sources */ = {isa = PBXBuildFile; fileRef = 154BD73F20182A8D0047FAA5 /* FilmDetailViewControllerDelegate.swift */; };
		154BD742201868650047FAA5 /* PeopleDetailViewController.swift in Sources */ = {isa = PBXBuildFile; fileRef = 154BD741201868650047FAA5 /* PeopleDetailViewController.swift */; };
		154BD744201868950047FAA5 /* PeopleDetailViewControllerDelegate.swift in Sources */ = {isa = PBXBuildFile; fileRef = 154BD743201868950047FAA5 /* PeopleDetailViewControllerDelegate.swift */; };
/* End PBXBuildFile section */

/* Begin PBXFileReference section */
		154BD7212017B4FD0047FAA5 /* StarWarsEncyclopedia.app */ = {isa = PBXFileReference; explicitFileType = wrapper.application; includeInIndex = 0; path = StarWarsEncyclopedia.app; sourceTree = BUILT_PRODUCTS_DIR; };
		154BD7242017B4FD0047FAA5 /* AppDelegate.swift */ = {isa = PBXFileReference; lastKnownFileType = sourcecode.swift; path = AppDelegate.swift; sourceTree = "<group>"; };
		154BD7262017B4FD0047FAA5 /* PeopleViewController.swift */ = {isa = PBXFileReference; lastKnownFileType = sourcecode.swift; path = PeopleViewController.swift; sourceTree = "<group>"; };
		154BD7292017B4FD0047FAA5 /* Base */ = {isa = PBXFileReference; lastKnownFileType = file.storyboard; name = Base; path = Base.lproj/Main.storyboard; sourceTree = "<group>"; };
		154BD72C2017B4FD0047FAA5 /* StarWarsEncyclopedia.xcdatamodel */ = {isa = PBXFileReference; lastKnownFileType = wrapper.xcdatamodel; path = StarWarsEncyclopedia.xcdatamodel; sourceTree = "<group>"; };
		154BD72E2017B4FD0047FAA5 /* Assets.xcassets */ = {isa = PBXFileReference; lastKnownFileType = folder.assetcatalog; path = Assets.xcassets; sourceTree = "<group>"; };
		154BD7312017B4FD0047FAA5 /* Base */ = {isa = PBXFileReference; lastKnownFileType = file.storyboard; name = Base; path = Base.lproj/LaunchScreen.storyboard; sourceTree = "<group>"; };
		154BD7332017B4FD0047FAA5 /* Info.plist */ = {isa = PBXFileReference; lastKnownFileType = text.plist.xml; path = Info.plist; sourceTree = "<group>"; };
		154BD7392017D2F30047FAA5 /* FilmViewController.swift */ = {isa = PBXFileReference; lastKnownFileType = sourcecode.swift; path = FilmViewController.swift; sourceTree = "<group>"; };
		154BD73B2017E34B0047FAA5 /* StarWarsModel.swift */ = {isa = PBXFileReference; lastKnownFileType = sourcecode.swift; path = StarWarsModel.swift; sourceTree = "<group>"; };
		154BD73D2017FB470047FAA5 /* FilmDetailViewController.swift */ = {isa = PBXFileReference; lastKnownFileType = sourcecode.swift; path = FilmDetailViewController.swift; sourceTree = "<group>"; };
		154BD73F20182A8D0047FAA5 /* FilmDetailViewControllerDelegate.swift */ = {isa = PBXFileReference; lastKnownFileType = sourcecode.swift; path = FilmDetailViewControllerDelegate.swift; sourceTree = "<group>"; };
		154BD741201868650047FAA5 /* PeopleDetailViewController.swift */ = {isa = PBXFileReference; lastKnownFileType = sourcecode.swift; path = PeopleDetailViewController.swift; sourceTree = "<group>"; };
		154BD743201868950047FAA5 /* PeopleDetailViewControllerDelegate.swift */ = {isa = PBXFileReference; lastKnownFileType = sourcecode.swift; path = PeopleDetailViewControllerDelegate.swift; sourceTree = "<group>"; };
/* End PBXFileReference section */

/* Begin PBXFrameworksBuildPhase section */
		154BD71E2017B4FD0047FAA5 /* Frameworks */ = {
			isa = PBXFrameworksBuildPhase;
			buildActionMask = 2147483647;
			files = (
			);
			runOnlyForDeploymentPostprocessing = 0;
		};
/* End PBXFrameworksBuildPhase section */

/* Begin PBXGroup section */
		154BD7182017B4FD0047FAA5 = {
			isa = PBXGroup;
			children = (
				154BD7232017B4FD0047FAA5 /* StarWarsEncyclopedia */,
				154BD7222017B4FD0047FAA5 /* Products */,
			);
			sourceTree = "<group>";
		};
		154BD7222017B4FD0047FAA5 /* Products */ = {
			isa = PBXGroup;
			children = (
				154BD7212017B4FD0047FAA5 /* StarWarsEncyclopedia.app */,
			);
			name = Products;
			sourceTree = "<group>";
		};
		154BD7232017B4FD0047FAA5 /* StarWarsEncyclopedia */ = {
			isa = PBXGroup;
			children = (
				154BD7242017B4FD0047FAA5 /* AppDelegate.swift */,
				154BD7262017B4FD0047FAA5 /* PeopleViewController.swift */,
				154BD7282017B4FD0047FAA5 /* Main.storyboard */,
				154BD741201868650047FAA5 /* PeopleDetailViewController.swift */,
				154BD743201868950047FAA5 /* PeopleDetailViewControllerDelegate.swift */,
				154BD73F20182A8D0047FAA5 /* FilmDetailViewControllerDelegate.swift */,
				154BD73D2017FB470047FAA5 /* FilmDetailViewController.swift */,
				154BD7392017D2F30047FAA5 /* FilmViewController.swift */,
				154BD73B2017E34B0047FAA5 /* StarWarsModel.swift */,
				154BD72E2017B4FD0047FAA5 /* Assets.xcassets */,
				154BD7302017B4FD0047FAA5 /* LaunchScreen.storyboard */,
				154BD7332017B4FD0047FAA5 /* Info.plist */,
				154BD72B2017B4FD0047FAA5 /* StarWarsEncyclopedia.xcdatamodeld */,
			);
			path = StarWarsEncyclopedia;
			sourceTree = "<group>";
		};
/* End PBXGroup section */

/* Begin PBXNativeTarget section */
		154BD7202017B4FD0047FAA5 /* StarWarsEncyclopedia */ = {
			isa = PBXNativeTarget;
			buildConfigurationList = 154BD7362017B4FD0047FAA5 /* Build configuration list for PBXNativeTarget "StarWarsEncyclopedia" */;
			buildPhases = (
				154BD71D2017B4FD0047FAA5 /* Sources */,
				154BD71E2017B4FD0047FAA5 /* Frameworks */,
				154BD71F2017B4FD0047FAA5 /* Resources */,
			);
			buildRules = (
			);
			dependencies = (
			);
			name = StarWarsEncyclopedia;
			productName = StarWarsEncyclopedia;
			productReference = 154BD7212017B4FD0047FAA5 /* StarWarsEncyclopedia.app */;
			productType = "com.apple.product-type.application";
		};
/* End PBXNativeTarget section */

/* Begin PBXProject section */
		154BD7192017B4FD0047FAA5 /* Project object */ = {
			isa = PBXProject;
			attributes = {
				LastSwiftUpdateCheck = 0920;
				LastUpgradeCheck = 0920;
				ORGANIZATIONNAME = "Arin Halicki";
				TargetAttributes = {
					154BD7202017B4FD0047FAA5 = {
						CreatedOnToolsVersion = 9.2;
						ProvisioningStyle = Automatic;
					};
				};
			};
			buildConfigurationList = 154BD71C2017B4FD0047FAA5 /* Build configuration list for PBXProject "StarWarsEncyclopedia" */;
			compatibilityVersion = "Xcode 8.0";
			developmentRegion = en;
			hasScannedForEncodings = 0;
			knownRegions = (
				en,
				Base,
			);
			mainGroup = 154BD7182017B4FD0047FAA5;
			productRefGroup = 154BD7222017B4FD0047FAA5 /* Products */;
			projectDirPath = "";
			projectRoot = "";
			targets = (
				154BD7202017B4FD0047FAA5 /* StarWarsEncyclopedia */,
			);
		};
/* End PBXProject section */

/* Begin PBXResourcesBuildPhase section */
		154BD71F2017B4FD0047FAA5 /* Resources */ = {
			isa = PBXResourcesBuildPhase;
			buildActionMask = 2147483647;
			files = (
				154BD7322017B4FD0047FAA5 /* LaunchScreen.storyboard in Resources */,
				154BD72F2017B4FD0047FAA5 /* Assets.xcassets in Resources */,
				154BD72A2017B4FD0047FAA5 /* Main.storyboard in Resources */,
			);
			runOnlyForDeploymentPostprocessing = 0;
		};
/* End PBXResourcesBuildPhase section */

/* Begin PBXSourcesBuildPhase section */
		154BD71D2017B4FD0047FAA5 /* Sources */ = {
			isa = PBXSourcesBuildPhase;
			buildActionMask = 2147483647;
			files = (
				154BD7272017B4FD0047FAA5 /* PeopleViewController.swift in Sources */,
				154BD7252017B4FD0047FAA5 /* AppDelegate.swift in Sources */,
				154BD744201868950047FAA5 /* PeopleDetailViewControllerDelegate.swift in Sources */,
				154BD73C2017E34B0047FAA5 /* StarWarsModel.swift in Sources */,
				154BD73E2017FB470047FAA5 /* FilmDetailViewController.swift in Sources */,
				154BD742201868650047FAA5 /* PeopleDetailViewController.swift in Sources */,
				154BD73A2017D2F30047FAA5 /* FilmViewController.swift in Sources */,
				154BD74020182A8D0047FAA5 /* FilmDetailViewControllerDelegate.swift in Sources */,
				154BD72D2017B4FD0047FAA5 /* StarWarsEncyclopedia.xcdatamodeld in Sources */,
			);
			runOnlyForDeploymentPostprocessing = 0;
		};
/* End PBXSourcesBuildPhase section */

/* Begin PBXVariantGroup section */
		154BD7282017B4FD0047FAA5 /* Main.storyboard */ = {
			isa = PBXVariantGroup;
			children = (
				154BD7292017B4FD0047FAA5 /* Base */,
			);
			name = Main.storyboard;
			sourceTree = "<group>";
		};
		154BD7302017B4FD0047FAA5 /* LaunchScreen.storyboard */ = {
			isa = PBXVariantGroup;
			children = (
				154BD7312017B4FD0047FAA5 /* Base */,
			);
			name = LaunchScreen.storyboard;
			sourceTree = "<group>";
		};
/* End PBXVariantGroup section */

/* Begin XCBuildConfiguration section */
		154BD7342017B4FD0047FAA5 /* Debug */ = {
			isa = XCBuildConfiguration;
			buildSettings = {
				ALWAYS_SEARCH_USER_PATHS = NO;
				CLANG_ANALYZER_NONNULL = YES;
				CLANG_ANALYZER_NUMBER_OBJECT_CONVERSION = YES_AGGRESSIVE;
				CLANG_CXX_LANGUAGE_STANDARD = "gnu++14";
				CLANG_CXX_LIBRARY = "libc++";
				CLANG_ENABLE_MODULES = YES;
				CLANG_ENABLE_OBJC_ARC = YES;
				CLANG_WARN_BLOCK_CAPTURE_AUTORELEASING = YES;
				CLANG_WARN_BOOL_CONVERSION = YES;
				CLANG_WARN_COMMA = YES;
				CLANG_WARN_CONSTANT_CONVERSION = YES;
				CLANG_WARN_DIRECT_OBJC_ISA_USAGE = YES_ERROR;
				CLANG_WARN_DOCUMENTATION_COMMENTS = YES;
				CLANG_WARN_EMPTY_BODY = YES;
				CLANG_WARN_ENUM_CONVERSION = YES;
				CLANG_WARN_INFINITE_RECURSION = YES;
				CLANG_WARN_INT_CONVERSION = YES;
				CLANG_WARN_NON_LITERAL_NULL_CONVERSION = YES;
				CLANG_WARN_OBJC_LITERAL_CONVERSION = YES;
				CLANG_WARN_OBJC_ROOT_CLASS = YES_ERROR;
				CLANG_WARN_RANGE_LOOP_ANALYSIS = YES;
				CLANG_WARN_STRICT_PROTOTYPES = YES;
				CLANG_WARN_SUSPICIOUS_MOVE = YES;
				CLANG_WARN_UNGUARDED_AVAILABILITY = YES_AGGRESSIVE;
				CLANG_WARN_UNREACHABLE_CODE = YES;
				CLANG_WARN__DUPLICATE_METHOD_MATCH = YES;
				CODE_SIGN_IDENTITY = "iPhone Developer";
				COPY_PHASE_STRIP = NO;
				DEBUG_INFORMATION_FORMAT = dwarf;
				ENABLE_STRICT_OBJC_MSGSEND = YES;
				ENABLE_TESTABILITY = YES;
				GCC_C_LANGUAGE_STANDARD = gnu11;
				GCC_DYNAMIC_NO_PIC = NO;
				GCC_NO_COMMON_BLOCKS = YES;
				GCC_OPTIMIZATION_LEVEL = 0;
				GCC_PREPROCESSOR_DEFINITIONS = (
					"DEBUG=1",
					"$(inherited)",
				);
				GCC_WARN_64_TO_32_BIT_CONVERSION = YES;
				GCC_WARN_ABOUT_RETURN_TYPE = YES_ERROR;
				GCC_WARN_UNDECLARED_SELECTOR = YES;
				GCC_WARN_UNINITIALIZED_AUTOS = YES_AGGRESSIVE;
				GCC_WARN_UNUSED_FUNCTION = YES;
				GCC_WARN_UNUSED_VARIABLE = YES;
				IPHONEOS_DEPLOYMENT_TARGET = 11.2;
				MTL_ENABLE_DEBUG_INFO = YES;
				ONLY_ACTIVE_ARCH = YES;
				SDKROOT = iphoneos;
				SWIFT_ACTIVE_COMPILATION_CONDITIONS = DEBUG;
				SWIFT_OPTIMIZATION_LEVEL = "-Onone";
			};
			name = Debug;
		};
		154BD7352017B4FD0047FAA5 /* Release */ = {
			isa = XCBuildConfiguration;
			buildSettings = {
				ALWAYS_SEARCH_USER_PATHS = NO;
				CLANG_ANALYZER_NONNULL = YES;
				CLANG_ANALYZER_NUMBER_OBJECT_CONVERSION = YES_AGGRESSIVE;
				CLANG_CXX_LANGUAGE_STANDARD = "gnu++14";
				CLANG_CXX_LIBRARY = "libc++";
				CLANG_ENABLE_MODULES = YES;
				CLANG_ENABLE_OBJC_ARC = YES;
				CLANG_WARN_BLOCK_CAPTURE_AUTORELEASING = YES;
				CLANG_WARN_BOOL_CONVERSION = YES;
				CLANG_WARN_COMMA = YES;
				CLANG_WARN_CONSTANT_CONVERSION = YES;
				CLANG_WARN_DIRECT_OBJC_ISA_USAGE = YES_ERROR;
				CLANG_WARN_DOCUMENTATION_COMMENTS = YES;
				CLANG_WARN_EMPTY_BODY = YES;
				CLANG_WARN_ENUM_CONVERSION = YES;
				CLANG_WARN_INFINITE_RECURSION = YES;
				CLANG_WARN_INT_CONVERSION = YES;
				CLANG_WARN_NON_LITERAL_NULL_CONVERSION = YES;
				CLANG_WARN_OBJC_LITERAL_CONVERSION = YES;
				CLANG_WARN_OBJC_ROOT_CLASS = YES_ERROR;
				CLANG_WARN_RANGE_LOOP_ANALYSIS = YES;
				CLANG_WARN_STRICT_PROTOTYPES = YES;
				CLANG_WARN_SUSPICIOUS_MOVE = YES;
				CLANG_WARN_UNGUARDED_AVAILABILITY = YES_AGGRESSIVE;
				CLANG_WARN_UNREACHABLE_CODE = YES;
				CLANG_WARN__DUPLICATE_METHOD_MATCH = YES;
				CODE_SIGN_IDENTITY = "iPhone Developer";
				COPY_PHASE_STRIP = NO;
				DEBUG_INFORMATION_FORMAT = "dwarf-with-dsym";
				ENABLE_NS_ASSERTIONS = NO;
				ENABLE_STRICT_OBJC_MSGSEND = YES;
				GCC_C_LANGUAGE_STANDARD = gnu11;
				GCC_NO_COMMON_BLOCKS = YES;
				GCC_WARN_64_TO_32_BIT_CONVERSION = YES;
				GCC_WARN_ABOUT_RETURN_TYPE = YES_ERROR;
				GCC_WARN_UNDECLARED_SELECTOR = YES;
				GCC_WARN_UNINITIALIZED_AUTOS = YES_AGGRESSIVE;
				GCC_WARN_UNUSED_FUNCTION = YES;
				GCC_WARN_UNUSED_VARIABLE = YES;
				IPHONEOS_DEPLOYMENT_TARGET = 11.2;
				MTL_ENABLE_DEBUG_INFO = NO;
				SDKROOT = iphoneos;
				SWIFT_OPTIMIZATION_LEVEL = "-Owholemodule";
				VALIDATE_PRODUCT = YES;
			};
			name = Release;
		};
		154BD7372017B4FD0047FAA5 /* Debug */ = {
			isa = XCBuildConfiguration;
			buildSettings = {
				ASSETCATALOG_COMPILER_APPICON_NAME = AppIcon;
				CODE_SIGN_STYLE = Automatic;
				DEVELOPMENT_TEAM = CLDSPPE69C;
				INFOPLIST_FILE = StarWarsEncyclopedia/Info.plist;
				LD_RUNPATH_SEARCH_PATHS = "$(inherited) @executable_path/Frameworks";
				PRODUCT_BUNDLE_IDENTIFIER = testApp.StarWarsEncyclopedia;
				PRODUCT_NAME = "$(TARGET_NAME)";
				SWIFT_VERSION = 4.0;
				TARGETED_DEVICE_FAMILY = "1,2";
			};
			name = Debug;
		};
		154BD7382017B4FD0047FAA5 /* Release */ = {
			isa = XCBuildConfiguration;
			buildSettings = {
				ASSETCATALOG_COMPILER_APPICON_NAME = AppIcon;
				CODE_SIGN_STYLE = Automatic;
				DEVELOPMENT_TEAM = CLDSPPE69C;
				INFOPLIST_FILE = StarWarsEncyclopedia/Info.plist;
				LD_RUNPATH_SEARCH_PATHS = "$(inherited) @executable_path/Frameworks";
				PRODUCT_BUNDLE_IDENTIFIER = testApp.StarWarsEncyclopedia;
				PRODUCT_NAME = "$(TARGET_NAME)";
				SWIFT_VERSION = 4.0;
				TARGETED_DEVICE_FAMILY = "1,2";
			};
			name = Release;
		};
/* End XCBuildConfiguration section */

/* Begin XCConfigurationList section */
		154BD71C2017B4FD0047FAA5 /* Build configuration list for PBXProject "StarWarsEncyclopedia" */ = {
			isa = XCConfigurationList;
			buildConfigurations = (
				154BD7342017B4FD0047FAA5 /* Debug */,
				154BD7352017B4FD0047FAA5 /* Release */,
			);
			defaultConfigurationIsVisible = 0;
			defaultConfigurationName = Release;
		};
		154BD7362017B4FD0047FAA5 /* Build configuration list for PBXNativeTarget "StarWarsEncyclopedia" */ = {
			isa = XCConfigurationList;
			buildConfigurations = (
				154BD7372017B4FD0047FAA5 /* Debug */,
				154BD7382017B4FD0047FAA5 /* Release */,
			);
			defaultConfigurationIsVisible = 0;
			defaultConfigurationName = Release;
		};
/* End XCConfigurationList section */

/* Begin XCVersionGroup section */
		154BD72B2017B4FD0047FAA5 /* StarWarsEncyclopedia.xcdatamodeld */ = {
			isa = XCVersionGroup;
			children = (
				154BD72C2017B4FD0047FAA5 /* StarWarsEncyclopedia.xcdatamodel */,
			);
			currentVersion = 154BD72C2017B4FD0047FAA5 /* StarWarsEncyclopedia.xcdatamodel */;
			path = StarWarsEncyclopedia.xcdatamodeld;
			sourceTree = "<group>";
			versionGroupType = wrapper.xcdatamodel;
		};
/* End XCVersionGroup section */
	};
	rootObject = 154BD7192017B4FD0047FAA5 /* Project object */;
}
